// !$*UTF8*$!
{
	archiveVersion = 1;
	classes = {
	};
	objectVersion = 77;
	objects = {

/* Begin PBXBuildFile section */
		04D2B2CA6B315E1042E2C2AF /* StaydayoApp.swift in Sources */ = {isa = PBXBuildFile; fileRef = 51C7232F551AD69147EC45C0 /* StaydayoApp.swift */; };
		1A2B3C4D5E6F708192A3B4C5 /* StaydayoTheme.swift in Sources */ = {isa = PBXBuildFile; fileRef = 2B3C4D5E6F708192A3B4C5D6 /* StaydayoTheme.swift */; };
		3C4D5E6F708192A3B4C5D6E7 /* PaywallView.swift in Sources */ = {isa = PBXBuildFile; fileRef = 4D5E6F708192A3B4C5D6E7F8 /* PaywallView.swift */; };
		5E6F708192A3B4C5D6E7F809 /* PaywallViewModel.swift in Sources */ = {isa = PBXBuildFile; fileRef = 6F708192A3B4C5D6E7F8091A /* PaywallViewModel.swift */; };
		694D2987B56CCEECA4AD45D7 /* HomeViewModel.swift in Sources */ = {isa = PBXBuildFile; fileRef = A212B59EBCCE34E60DA8A0B5 /* HomeViewModel.swift */; };
		708192A3B4C5D6E7F8091A2B /* RootView.swift in Sources */ = {isa = PBXBuildFile; fileRef = 8192A3B4C5D6E7F8091A2B3C /* RootView.swift */; };
		9E0BC081D895974DF9BB05EF /* Assets.xcassets in Resources */ = {isa = PBXBuildFile; fileRef = BEBF2BCBBA6503EFD182D30F /* Assets.xcassets */; };
		E8FEBF62C97A941F4AE15998 /* HomeView.swift in Sources */ = {isa = PBXBuildFile; fileRef = BB94A233B4CAC7F6C02D1938 /* HomeView.swift */; };
/* End PBXBuildFile section */

/* Begin PBXFileReference section */
		2B3C4D5E6F708192A3B4C5D6 /* StaydayoTheme.swift */ = {isa = PBXFileReference; lastKnownFileType = sourcecode.swift; path = StaydayoTheme.swift; sourceTree = "<group>"; };
		4D5E6F708192A3B4C5D6E7F8 /* PaywallView.swift */ = {isa = PBXFileReference; lastKnownFileType = sourcecode.swift; path = PaywallView.swift; sourceTree = "<group>"; };
		51C7232F551AD69147EC45C0 /* StaydayoApp.swift */ = {isa = PBXFileReference; lastKnownFileType = sourcecode.swift; path = StaydayoApp.swift; sourceTree = "<group>"; };
		6AFE4DDE83BF1BE86C47C747 /* Staydayo.app */ = {isa = PBXFileReference; includeInIndex = 0; lastKnownFileType = wrapper.application; path = Staydayo.app; sourceTree = BUILT_PRODUCTS_DIR; };
		6F708192A3B4C5D6E7F8091A /* PaywallViewModel.swift */ = {isa = PBXFileReference; lastKnownFileType = sourcecode.swift; path = PaywallViewModel.swift; sourceTree = "<group>"; };
		8192A3B4C5D6E7F8091A2B3C /* RootView.swift */ = {isa = PBXFileReference; lastKnownFileType = sourcecode.swift; path = RootView.swift; sourceTree = "<group>"; };
		A212B59EBCCE34E60DA8A0B5 /* HomeViewModel.swift */ = {isa = PBXFileReference; lastKnownFileType = sourcecode.swift; path = HomeViewModel.swift; sourceTree = "<group>"; };
		BB94A233B4CAC7F6C02D1938 /* HomeView.swift */ = {isa = PBXFileReference; lastKnownFileType = sourcecode.swift; path = HomeView.swift; sourceTree = "<group>"; };
		BEBF2BCBBA6503EFD182D30F /* Assets.xcassets */ = {isa = PBXFileReference; lastKnownFileType = folder.assetcatalog; path = Assets.xcassets; sourceTree = "<group>"; };
/* End PBXFileReference section */

/* Begin PBXGroup section */
		311CC70C031C01E03217BDB8 /* Products */ = {
			isa = PBXGroup;
			children = (
				6AFE4DDE83BF1BE86C47C747 /* Staydayo.app */,
			);
			name = Products;
			sourceTree = "<group>";
		};
		657360ACA8748F06DD7BC07B = {
			isa = PBXGroup;
			children = (
				78BCF907DFD2C752A9F1571D /* Staydayo */,
				311CC70C031C01E03217BDB8 /* Products */,
			);
			sourceTree = "<group>";
		};
		6A221148C30C051B56A814D3 /* Features */ = {
			isa = PBXGroup;
			children = (
				EF2CB6203F2531B81AE432C0 /* Home */,
				A1B2C3D4E5F60718293A4B5C /* Paywall */,
				B2C3D4E5F60718293A4B5C6D /* Root */,
			);
			path = Features;
			sourceTree = "<group>";
		};
		78BCF907DFD2C752A9F1571D /* Staydayo */ = {
			isa = PBXGroup;
			children = (
				51C7232F551AD69147EC45C0 /* StaydayoApp.swift */,
				C3D4E5F60718293A4B5C6D7E /* Design */,
				6A221148C30C051B56A814D3 /* Features */,
				B4309C2BBDC8E0A80FF57D9F /* Resources */,
			);
			path = Staydayo;
			sourceTree = "<group>";
		};
		A1B2C3D4E5F60718293A4B5C /* Paywall */ = {
			isa = PBXGroup;
			children = (
				4D5E6F708192A3B4C5D6E7F8 /* PaywallView.swift */,
				6F708192A3B4C5D6E7F8091A /* PaywallViewModel.swift */,
			);
			path = Paywall;
			sourceTree = "<group>";
		};
		B2C3D4E5F60718293A4B5C6D /* Root */ = {
			isa = PBXGroup;
			children = (
				8192A3B4C5D6E7F8091A2B3C /* RootView.swift */,
			);
			path = Root;
			sourceTree = "<group>";
		};
		C3D4E5F60718293A4B5C6D7E /* Design */ = {
			isa = PBXGroup;
			children = (
				2B3C4D5E6F708192A3B4C5D6 /* StaydayoTheme.swift */,
			);
			path = Design;
			sourceTree = "<group>";
		};
		B4309C2BBDC8E0A80FF57D9F /* Resources */ = {
			isa = PBXGroup;
			children = (
				BEBF2BCBBA6503EFD182D30F /* Assets.xcassets */,
			);
			path = Resources;
			sourceTree = "<group>";
		};
		EF2CB6203F2531B81AE432C0 /* Home */ = {
			isa = PBXGroup;
			children = (
				BB94A233B4CAC7F6C02D1938 /* HomeView.swift */,
				A212B59EBCCE34E60DA8A0B5 /* HomeViewModel.swift */,
			);
			path = Home;
			sourceTree = "<group>";
		};
/* End PBXGroup section */

/* Begin PBXNativeTarget section */
		90CE4D2DB39304A7C8E8D9E2 /* Staydayo */ = {
			isa = PBXNativeTarget;
			buildConfigurationList = 4F62213D6F3C299AF376FC60 /* Build configuration list for PBXNativeTarget "Staydayo" */;
			buildPhases = (
				6E569A6FBB961FB4A25B9633 /* Sources */,
				DB7A830C8A7242323F9FE2C1 /* Resources */,
			);
			buildRules = (
			);
			dependencies = (
			);
			name = Staydayo;
			packageProductDependencies = (
			);
			productName = Staydayo;
			productReference = 6AFE4DDE83BF1BE86C47C747 /* Staydayo.app */;
			productType = "com.apple.product-type.application";
		};
/* End PBXNativeTarget section */

/* Begin PBXProject section */
		24775C51BFE0B7A86B0C677B /* Project object */ = {
			isa = PBXProject;
			attributes = {
				BuildIndependentTargetsInParallel = YES;
				LastUpgradeCheck = 1430;
			};
			buildConfigurationList = A82D5F18F4F2614E89B5371A /* Build configuration list for PBXProject "Staydayo" */;
			compatibilityVersion = "Xcode 14.0";
			developmentRegion = en;
			hasScannedForEncodings = 0;
			knownRegions = (
				Base,
				en,
			);
			mainGroup = 657360ACA8748F06DD7BC07B;
			minimizedProjectReferenceProxies = 1;
			preferredProjectObjectVersion = 77;
			projectDirPath = "";
			projectRoot = "";
			targets = (
				90CE4D2DB39304A7C8E8D9E2 /* Staydayo */,
			);
		};
/* End PBXProject section */

/* Begin PBXResourcesBuildPhase section */
		DB7A830C8A7242323F9FE2C1 /* Resources */ = {
			isa = PBXResourcesBuildPhase;
			buildActionMask = 2147483647;
			files = (
				9E0BC081D895974DF9BB05EF /* Assets.xcassets in Resources */,
			);
			runOnlyForDeploymentPostprocessing = 0;
		};
/* End PBXResourcesBuildPhase section */

/* Begin PBXSourcesBuildPhase section */
		6E569A6FBB961FB4A25B9633 /* Sources */ = {
			isa = PBXSourcesBuildPhase;
			buildActionMask = 2147483647;
			files = (
				E8FEBF62C97A941F4AE15998 /* HomeView.swift in Sources */,
				694D2987B56CCEECA4AD45D7 /* HomeViewModel.swift in Sources */,
				3C4D5E6F708192A3B4C5D6E7 /* PaywallView.swift in Sources */,
				5E6F708192A3B4C5D6E7F809 /* PaywallViewModel.swift in Sources */,
				708192A3B4C5D6E7F8091A2B /* RootView.swift in Sources */,
				1A2B3C4D5E6F708192A3B4C5 /* StaydayoTheme.swift in Sources */,
				04D2B2CA6B315E1042E2C2AF /* StaydayoApp.swift in Sources */,
			);
			runOnlyForDeploymentPostprocessing = 0;
		};
/* End PBXSourcesBuildPhase section */

/* Begin XCBuildConfiguration section */
		0F280C662560926D18FEDB8E /* Debug */ = {
			isa = XCBuildConfiguration;
			buildSettings = {
				ALWAYS_SEARCH_USER_PATHS = NO;
				CLANG_ANALYZER_NONNULL = YES;
				CLANG_ANALYZER_NUMBER_OBJECT_CONVERSION = YES_AGGRESSIVE;
				CLANG_CXX_LANGUAGE_STANDARD = "gnu++14";
				CLANG_CXX_LIBRARY = "libc++";
				CLANG_ENABLE_MODULES = YES;
				CLANG_ENABLE_OBJC_ARC = YES;
				CLANG_ENABLE_OBJC_WEAK = YES;
				CLANG_WARN_BLOCK_CAPTURE_AUTORELEASING = YES;
				CLANG_WARN_BOOL_CONVERSION = YES;
				CLANG_WARN_COMMA = YES;
				CLANG_WARN_CONSTANT_CONVERSION = YES;
				CLANG_WARN_DEPRECATED_OBJC_IMPLEMENTATIONS = YES;
				CLANG_WARN_DIRECT_OBJC_ISA_USAGE = YES_ERROR;
				CLANG_WARN_DOCUMENTATION_COMMENTS = YES;
				CLANG_WARN_EMPTY_BODY = YES;
				CLANG_WARN_ENUM_CONVERSION = YES;
				CLANG_WARN_INFINITE_RECURSION = YES;
				CLANG_WARN_INT_CONVERSION = YES;
				CLANG_WARN_NON_LITERAL_NULL_CONVERSION = YES;
				CLANG_WARN_OBJC_IMPLICIT_RETAIN_SELF = YES;
				CLANG_WARN_OBJC_LITERAL_CONVERSION = YES;
				CLANG_WARN_OBJC_ROOT_CLASS = YES_ERROR;
				CLANG_WARN_QUOTED_INCLUDE_IN_FRAMEWORK_HEADER = YES;
				CLANG_WARN_RANGE_LOOP_ANALYSIS = YES;
				CLANG_WARN_STRICT_PROTOTYPES = YES;
				CLANG_WARN_SUSPICIOUS_MOVE = YES;
				CLANG_WARN_UNGUARDED_AVAILABILITY = YES_AGGRESSIVE;
				CLANG_WARN_UNREACHABLE_CODE = YES;
				CLANG_WARN__DUPLICATE_METHOD_MATCH = YES;
				COPY_PHASE_STRIP = NO;
				DEBUG_INFORMATION_FORMAT = dwarf;
				ENABLE_STRICT_OBJC_MSGSEND = YES;
				ENABLE_TESTABILITY = YES;
				GCC_C_LANGUAGE_STANDARD = gnu11;
				GCC_DYNAMIC_NO_PIC = NO;
				GCC_NO_COMMON_BLOCKS = YES;
				GCC_OPTIMIZATION_LEVEL = 0;
				GCC_PREPROCESSOR_DEFINITIONS = (
					"$(inherited)",
					"DEBUG=1",
				);
				GCC_WARN_64_TO_32_BIT_CONVERSION = YES;
				GCC_WARN_ABOUT_RETURN_TYPE = YES_ERROR;
				GCC_WARN_UNDECLARED_SELECTOR = YES;
				GCC_WARN_UNINITIALIZED_AUTOS = YES_AGGRESSIVE;
				GCC_WARN_UNUSED_FUNCTION = YES;
				GCC_WARN_UNUSED_VARIABLE = YES;
				IPHONEOS_DEPLOYMENT_TARGET = 17.0;
				MTL_ENABLE_DEBUG_INFO = INCLUDE_SOURCE;
				MTL_FAST_MATH = YES;
				ONLY_ACTIVE_ARCH = YES;
				PRODUCT_NAME = "$(TARGET_NAME)";
				SDKROOT = iphoneos;
				SWIFT_ACTIVE_COMPILATION_CONDITIONS = DEBUG;
				SWIFT_OPTIMIZATION_LEVEL = "-Onone";
				SWIFT_VERSION = 5.0;
			};
			name = Debug;
		};
		5CB53AF189EB0D161F5B26FC /* Debug */ = {
			isa = XCBuildConfiguration;
			buildSettings = {
				ASSETCATALOG_COMPILER_APPICON_NAME = AppIcon;
				ASSETCATALOG_COMPILER_GLOBAL_ACCENT_COLOR_NAME = AccentColor;
				CODE_SIGN_IDENTITY = "iPhone Developer";
				CURRENT_PROJECT_VERSION = 1;
				GENERATE_INFOPLIST_FILE = YES;
				INFOPLIST_KEY_CFBundleDisplayName = Staydayo;
				INFOPLIST_KEY_UIApplicationSceneManifest_Generation = YES;
				INFOPLIST_KEY_UILaunchScreen_Generation = YES;
				INFOPLIST_KEY_UISupportedInterfaceOrientations_iPhone = UIInterfaceOrientationPortrait;
				LD_RUNPATH_SEARCH_PATHS = (
					"$(inherited)",
					"@executable_path/Frameworks",
				);
				MARKETING_VERSION = 1.0;
				PRODUCT_BUNDLE_IDENTIFIER = com.lukebillings.Staydayo;
				SDKROOT = iphoneos;
				SWIFT_ACTIVE_COMPILATION_CONDITIONS = "$(inherited) DEBUG";
				SWIFT_VERSION = 5.0;
				TARGETED_DEVICE_FAMILY = "1,2";
			};
			name = Debug;
		};
		8CBF8AAB9C973500E78BAB67 /* Release */ = {
			isa = XCBuildConfiguration;
			buildSettings = {
				ALWAYS_SEARCH_USER_PATHS = NO;
				CLANG_ANALYZER_NONNULL = YES;
				CLANG_ANALYZER_NUMBER_OBJECT_CONVERSION = YES_AGGRESSIVE;
				CLANG_CXX_LANGUAGE_STANDARD = "gnu++14";
				CLANG_CXX_LIBRARY = "libc++";
				CLANG_ENABLE_MODULES = YES;
				CLANG_ENABLE_OBJC_ARC = YES;
				CLANG_ENABLE_OBJC_WEAK = YES;
				CLANG_WARN_BLOCK_CAPTURE_AUTORELEASING = YES;
				CLANG_WARN_BOOL_CONVERSION = YES;
				CLANG_WARN_COMMA = YES;
				CLANG_WARN_CONSTANT_CONVERSION = YES;
				CLANG_WARN_DEPRECATED_OBJC_IMPLEMENTATIONS = YES;
				CLANG_WARN_DIRECT_OBJC_ISA_USAGE = YES_ERROR;
				CLANG_WARN_DOCUMENTATION_COMMENTS = YES;
				CLANG_WARN_EMPTY_BODY = YES;
				CLANG_WARN_ENUM_CONVERSION = YES;
				CLANG_WARN_INFINITE_RECURSION = YES;
				CLANG_WARN_INT_CONVERSION = YES;
				CLANG_WARN_NON_LITERAL_NULL_CONVERSION = YES;
				CLANG_WARN_OBJC_IMPLICIT_RETAIN_SELF = YES;
				CLANG_WARN_OBJC_LITERAL_CONVERSION = YES;
				CLANG_WARN_OBJC_ROOT_CLASS = YES_ERROR;
				CLANG_WARN_QUOTED_INCLUDE_IN_FRAMEWORK_HEADER = YES;
				CLANG_WARN_RANGE_LOOP_ANALYSIS = YES;
				CLANG_WARN_STRICT_PROTOTYPES = YES;
				CLANG_WARN_SUSPICIOUS_MOVE = YES;
				CLANG_WARN_UNGUARDED_AVAILABILITY = YES_AGGRESSIVE;
				CLANG_WARN_UNREACHABLE_CODE = YES;
				CLANG_WARN__DUPLICATE_METHOD_MATCH = YES;
				COPY_PHASE_STRIP = NO;
				DEBUG_INFORMATION_FORMAT = "dwarf-with-dsym";
				ENABLE_NS_ASSERTIONS = NO;
				ENABLE_STRICT_OBJC_MSGSEND = YES;
				GCC_C_LANGUAGE_STANDARD = gnu11;
				GCC_NO_COMMON_BLOCKS = YES;
				GCC_WARN_64_TO_32_BIT_CONVERSION = YES;
				GCC_WARN_ABOUT_RETURN_TYPE = YES_ERROR;
				GCC_WARN_UNDECLARED_SELECTOR = YES;
				GCC_WARN_UNINITIALIZED_AUTOS = YES_AGGRESSIVE;
				GCC_WARN_UNUSED_FUNCTION = YES;
				GCC_WARN_UNUSED_VARIABLE = YES;
				IPHONEOS_DEPLOYMENT_TARGET = 17.0;
				MTL_ENABLE_DEBUG_INFO = NO;
				MTL_FAST_MATH = YES;
				PRODUCT_NAME = "$(TARGET_NAME)";
				SDKROOT = iphoneos;
				SWIFT_COMPILATION_MODE = wholemodule;
				SWIFT_OPTIMIZATION_LEVEL = "-O";
				SWIFT_VERSION = 5.0;
			};
			name = Release;
		};
		D4ED430E7527E0925925F28B /* Release */ = {
			isa = XCBuildConfiguration;
			buildSettings = {
				ASSETCATALOG_COMPILER_APPICON_NAME = AppIcon;
				ASSETCATALOG_COMPILER_GLOBAL_ACCENT_COLOR_NAME = AccentColor;
				CODE_SIGN_IDENTITY = "iPhone Developer";
				CURRENT_PROJECT_VERSION = 1;
				GENERATE_INFOPLIST_FILE = YES;
				INFOPLIST_KEY_CFBundleDisplayName = Staydayo;
				INFOPLIST_KEY_UIApplicationSceneManifest_Generation = YES;
				INFOPLIST_KEY_UILaunchScreen_Generation = YES;
				INFOPLIST_KEY_UISupportedInterfaceOrientations_iPhone = UIInterfaceOrientationPortrait;
				LD_RUNPATH_SEARCH_PATHS = (
					"$(inherited)",
					"@executable_path/Frameworks",
				);
				MARKETING_VERSION = 1.0;
				PRODUCT_BUNDLE_IDENTIFIER = com.lukebillings.Staydayo;
				SDKROOT = iphoneos;
				SWIFT_VERSION = 5.0;
				TARGETED_DEVICE_FAMILY = "1,2";
			};
			name = Release;
		};
/* End XCBuildConfiguration section */

/* Begin XCConfigurationList section */
		4F62213D6F3C299AF376FC60 /* Build configuration list for PBXNativeTarget "Staydayo" */ = {
			isa = XCConfigurationList;
			buildConfigurations = (
				5CB53AF189EB0D161F5B26FC /* Debug */,
				D4ED430E7527E0925925F28B /* Release */,
			);
			defaultConfigurationIsVisible = 0;
			defaultConfigurationName = Debug;
		};
		A82D5F18F4F2614E89B5371A /* Build configuration list for PBXProject "Staydayo" */ = {
			isa = XCConfigurationList;
			buildConfigurations = (
				0F280C662560926D18FEDB8E /* Debug */,
				8CBF8AAB9C973500E78BAB67 /* Release */,
			);
			defaultConfigurationIsVisible = 0;
			defaultConfigurationName = Debug;
		};
/* End XCConfigurationList section */
	};
	rootObject = 24775C51BFE0B7A86B0C677B /* Project object */;
}
